
Microsoft Visual Studio Solution File, Format Version 12.00
# Visual Studio 14
VisualStudioVersion = 14.0.25420.1
MinimumVisualStudioVersion = 10.0.40219.1
Project("{FAE04EC0-301F-11D3-BF4B-00C04F79EFBC}") = "MaterialDesign", "MaterialDesign\MaterialDesign.csproj", "{DA7E9D5C-237F-4607-8D5C-B009BB73959B}"
EndProject
Project("{FAE04EC0-301F-11D3-BF4B-00C04F79EFBC}") = "Styles", "Styles\Styles.csproj", "{D2E771EF-F7F2-4BDD-9703-07FBCFC62590}"
EndProject
Global
	GlobalSection(SolutionConfigurationPlatforms) = preSolution
		Debug|Any CPU = Debug|Any CPU
		Release|Any CPU = Release|Any CPU
	EndGlobalSection
	GlobalSection(ProjectConfigurationPlatforms) = postSolution
		{DA7E9D5C-237F-4607-8D5C-B009BB73959B}.Debug|Any CPU.ActiveCfg = Debug|Any CPU
		{DA7E9D5C-237F-4607-8D5C-B009BB73959B}.Debug|Any CPU.Build.0 = Debug|Any CPU
		{DA7E9D5C-237F-4607-8D5C-B009BB73959B}.Release|Any CPU.ActiveCfg = Release|Any CPU
		{DA7E9D5C-237F-4607-8D5C-B009BB73959B}.Release|Any CPU.Build.0 = Release|Any CPU
		{D2E771EF-F7F2-4BDD-9703-07FBCFC62590}.Debug|Any CPU.ActiveCfg = Debug|Any CPU
		{D2E771EF-F7F2-4BDD-9703-07FBCFC62590}.Debug|Any CPU.Build.0 = Debug|Any CPU
		{D2E771EF-F7F2-4BDD-9703-07FBCFC62590}.Release|Any CPU.ActiveCfg = Release|Any CPU
		{D2E771EF-F7F2-4BDD-9703-07FBCFC62590}.Release|Any CPU.Build.0 = Release|Any CPU
	EndGlobalSection
	GlobalSection(SolutionProperties) = preSolution
		HideSolutionNode = FALSE
	EndGlobalSection
EndGlobal
